
Microsoft Visual Studio Solution File, Format Version 12.00
# Visual Studio Version 17
VisualStudioVersion = 17.7.34221.43
MinimumVisualStudioVersion = 10.0.40219.1
Project("{FAE04EC0-301F-11D3-BF4B-00C04F79EFBC}") = "HW4.4_EntityFreamwork", "HW4.4_EntityFreamwork\HW4.4_EntityFreamwork.csproj", "{79484B57-9969-4455-B18A-7B54B55F27E2}"
EndProject
Global
	GlobalSection(SolutionConfigurationPlatforms) = preSolution
		Debug|Any CPU = Debug|Any CPU
		Release|Any CPU = Release|Any CPU
	EndGlobalSection
	GlobalSection(ProjectConfigurationPlatforms) = postSolution
		{79484B57-9969-4455-B18A-7B54B55F27E2}.Debug|Any CPU.ActiveCfg = Debug|Any CPU
		{79484B57-9969-4455-B18A-7B54B55F27E2}.Debug|Any CPU.Build.0 = Debug|Any CPU
		{79484B57-9969-4455-B18A-7B54B55F27E2}.Release|Any CPU.ActiveCfg = Release|Any CPU
		{79484B57-9969-4455-B18A-7B54B55F27E2}.Release|Any CPU.Build.0 = Release|Any CPU
	EndGlobalSection
	GlobalSection(SolutionProperties) = preSolution
		HideSolutionNode = FALSE
	EndGlobalSection
	GlobalSection(ExtensibilityGlobals) = postSolution
		SolutionGuid = {E3B85D34-6B46-4040-AD42-E64A2F0A5250}
	EndGlobalSection
EndGlobal
