
Microsoft Visual Studio Solution File, Format Version 12.00
# Visual Studio Version 17
VisualStudioVersion = 17.7.34221.43
MinimumVisualStudioVersion = 10.0.40219.1
Project("{FAE04EC0-301F-11D3-BF4B-00C04F79EFBC}") = "HW3.2_Dictionary", "HW3.2_Dictionary\HW3.2_Dictionary.csproj", "{D66B7CF9-7DCE-4255-8622-B413B3A8CC73}"
EndProject
Global
	GlobalSection(SolutionConfigurationPlatforms) = preSolution
		Debug|Any CPU = Debug|Any CPU
		Release|Any CPU = Release|Any CPU
	EndGlobalSection
	GlobalSection(ProjectConfigurationPlatforms) = postSolution
		{D66B7CF9-7DCE-4255-8622-B413B3A8CC73}.Debug|Any CPU.ActiveCfg = Debug|Any CPU
		{D66B7CF9-7DCE-4255-8622-B413B3A8CC73}.Debug|Any CPU.Build.0 = Debug|Any CPU
		{D66B7CF9-7DCE-4255-8622-B413B3A8CC73}.Release|Any CPU.ActiveCfg = Release|Any CPU
		{D66B7CF9-7DCE-4255-8622-B413B3A8CC73}.Release|Any CPU.Build.0 = Release|Any CPU
	EndGlobalSection
	GlobalSection(SolutionProperties) = preSolution
		HideSolutionNode = FALSE
	EndGlobalSection
	GlobalSection(ExtensibilityGlobals) = postSolution
		SolutionGuid = {F7658B4D-BDF5-462A-BCBC-356FB9BDF272}
	EndGlobalSection
EndGlobal
